
Microsoft Visual Studio Solution File, Format Version 12.00
# Visual Studio 15
VisualStudioVersion = 15.0.28307.902
MinimumVisualStudioVersion = 10.0.40219.1
Project("{F184B08F-C81C-45F6-A57F-5ABD9991F28F}") = "Common", "Common\Common.vbproj", "{EB440875-C779-4CD7-8906-4B534CD5B14B}"
EndProject
Project("{F184B08F-C81C-45F6-A57F-5ABD9991F28F}") = "Client", "Client\Client.vbproj", "{58F4F551-83B8-430B-A883-28F4E4B34632}"
EndProject
Project("{F184B08F-C81C-45F6-A57F-5ABD9991F28F}") = "Server", "Server\Server.vbproj", "{C62ECBA8-3109-4D6F-8B29-98C8181E5CD5}"
EndProject
Global
	GlobalSection(SolutionConfigurationPlatforms) = preSolution
		Debug|Any CPU = Debug|Any CPU
		Release|Any CPU = Release|Any CPU
	EndGlobalSection
	GlobalSection(ProjectConfigurationPlatforms) = postSolution
		{EB440875-C779-4CD7-8906-4B534CD5B14B}.Debug|Any CPU.ActiveCfg = Debug|Any CPU
		{EB440875-C779-4CD7-8906-4B534CD5B14B}.Debug|Any CPU.Build.0 = Debug|Any CPU
		{EB440875-C779-4CD7-8906-4B534CD5B14B}.Release|Any CPU.ActiveCfg = Release|Any CPU
		{EB440875-C779-4CD7-8906-4B534CD5B14B}.Release|Any CPU.Build.0 = Release|Any CPU
		{58F4F551-83B8-430B-A883-28F4E4B34632}.Debug|Any CPU.ActiveCfg = Debug|Any CPU
		{58F4F551-83B8-430B-A883-28F4E4B34632}.Debug|Any CPU.Build.0 = Debug|Any CPU
		{58F4F551-83B8-430B-A883-28F4E4B34632}.Release|Any CPU.ActiveCfg = Release|Any CPU
		{58F4F551-83B8-430B-A883-28F4E4B34632}.Release|Any CPU.Build.0 = Release|Any CPU
		{C62ECBA8-3109-4D6F-8B29-98C8181E5CD5}.Debug|Any CPU.ActiveCfg = Debug|Any CPU
		{C62ECBA8-3109-4D6F-8B29-98C8181E5CD5}.Debug|Any CPU.Build.0 = Debug|Any CPU
		{C62ECBA8-3109-4D6F-8B29-98C8181E5CD5}.Release|Any CPU.ActiveCfg = Release|Any CPU
		{C62ECBA8-3109-4D6F-8B29-98C8181E5CD5}.Release|Any CPU.Build.0 = Release|Any CPU
	EndGlobalSection
	GlobalSection(SolutionProperties) = preSolution
		HideSolutionNode = FALSE
	EndGlobalSection
	GlobalSection(ExtensibilityGlobals) = postSolution
		SolutionGuid = {C5A4C021-73F6-475D-B635-1242FB08C520}
	EndGlobalSection
EndGlobal
